
Microsoft Visual Studio Solution File, Format Version 12.00
# Visual Studio 15
VisualStudioVersion = 15.0.28307.1082
MinimumVisualStudioVersion = 10.0.40219.1
Project("{9A19103F-16F7-4668-BE54-9A1E7A4F7556}") = "FiguresArea", "FiguresArea\FiguresArea.csproj", "{D0A4FB01-A4E6-4ED6-B6B2-BFCC16C9062C}"
EndProject
Project("{FAE04EC0-301F-11D3-BF4B-00C04F79EFBC}") = "FiguresArea.Test", "FiguresArea.Test\FiguresArea.Test.csproj", "{DFDF9CF9-C076-4059-8636-96F5659F634C}"
EndProject
Global
	GlobalSection(SolutionConfigurationPlatforms) = preSolution
		Debug|Any CPU = Debug|Any CPU
		Release|Any CPU = Release|Any CPU
	EndGlobalSection
	GlobalSection(ProjectConfigurationPlatforms) = postSolution
		{D0A4FB01-A4E6-4ED6-B6B2-BFCC16C9062C}.Debug|Any CPU.ActiveCfg = Debug|Any CPU
		{D0A4FB01-A4E6-4ED6-B6B2-BFCC16C9062C}.Debug|Any CPU.Build.0 = Debug|Any CPU
		{D0A4FB01-A4E6-4ED6-B6B2-BFCC16C9062C}.Release|Any CPU.ActiveCfg = Release|Any CPU
		{D0A4FB01-A4E6-4ED6-B6B2-BFCC16C9062C}.Release|Any CPU.Build.0 = Release|Any CPU
		{DFDF9CF9-C076-4059-8636-96F5659F634C}.Debug|Any CPU.ActiveCfg = Debug|Any CPU
		{DFDF9CF9-C076-4059-8636-96F5659F634C}.Debug|Any CPU.Build.0 = Debug|Any CPU
		{DFDF9CF9-C076-4059-8636-96F5659F634C}.Release|Any CPU.ActiveCfg = Release|Any CPU
		{DFDF9CF9-C076-4059-8636-96F5659F634C}.Release|Any CPU.Build.0 = Release|Any CPU
	EndGlobalSection
	GlobalSection(SolutionProperties) = preSolution
		HideSolutionNode = FALSE
	EndGlobalSection
	GlobalSection(ExtensibilityGlobals) = postSolution
		SolutionGuid = {FECD3F2E-9B77-4A41-9C22-DDC4F8E39670}
	EndGlobalSection
EndGlobal
